// !$*UTF8*$!
{
	archiveVersion = 1;
	classes = {
	};
	objectVersion = 46;
	objects = {

/* Begin PBXBuildFile section */
		078F6A191D86E225000D1595 /* AppDelegate.swift in Sources */ = {isa = PBXBuildFile; fileRef = 078F6A181D86E225000D1595 /* AppDelegate.swift */; };
		078F6A1B1D86E225000D1595 /* ViewController.swift in Sources */ = {isa = PBXBuildFile; fileRef = 078F6A1A1D86E225000D1595 /* ViewController.swift */; };
		078F6A1E1D86E225000D1595 /* Main.storyboard in Resources */ = {isa = PBXBuildFile; fileRef = 078F6A1C1D86E225000D1595 /* Main.storyboard */; };
		078F6A201D86E225000D1595 /* Assets.xcassets in Resources */ = {isa = PBXBuildFile; fileRef = 078F6A1F1D86E225000D1595 /* Assets.xcassets */; };
		078F6A231D86E225000D1595 /* LaunchScreen.storyboard in Resources */ = {isa = PBXBuildFile; fileRef = 078F6A211D86E225000D1595 /* LaunchScreen.storyboard */; };
		078F6A2B1D86E6EB000D1595 /* pokemon.csv in Resources */ = {isa = PBXBuildFile; fileRef = 078F6A2A1D86E6EB000D1595 /* pokemon.csv */; };
/* End PBXBuildFile section */

/* Begin PBXFileReference section */
		078F6A151D86E224000D1595 /* pokedexT.app */ = {isa = PBXFileReference; explicitFileType = wrapper.application; includeInIndex = 0; path = pokedexT.app; sourceTree = BUILT_PRODUCTS_DIR; };
		078F6A181D86E225000D1595 /* AppDelegate.swift */ = {isa = PBXFileReference; lastKnownFileType = sourcecode.swift; path = AppDelegate.swift; sourceTree = "<group>"; };
		078F6A1A1D86E225000D1595 /* ViewController.swift */ = {isa = PBXFileReference; lastKnownFileType = sourcecode.swift; path = ViewController.swift; sourceTree = "<group>"; };
		078F6A1D1D86E225000D1595 /* Base */ = {isa = PBXFileReference; lastKnownFileType = file.storyboard; name = Base; path = Base.lproj/Main.storyboard; sourceTree = "<group>"; };
		078F6A1F1D86E225000D1595 /* Assets.xcassets */ = {isa = PBXFileReference; lastKnownFileType = folder.assetcatalog; path = Assets.xcassets; sourceTree = "<group>"; };
		078F6A221D86E225000D1595 /* Base */ = {isa = PBXFileReference; lastKnownFileType = file.storyboard; name = Base; path = Base.lproj/LaunchScreen.storyboard; sourceTree = "<group>"; };
		078F6A241D86E225000D1595 /* Info.plist */ = {isa = PBXFileReference; lastKnownFileType = text.plist.xml; path = Info.plist; sourceTree = "<group>"; };
		078F6A2A1D86E6EB000D1595 /* pokemon.csv */ = {isa = PBXFileReference; fileEncoding = 4; lastKnownFileType = text; path = pokemon.csv; sourceTree = "<group>"; };
/* End PBXFileReference section */

/* Begin PBXFrameworksBuildPhase section */
		078F6A121D86E224000D1595 /* Frameworks */ = {
			isa = PBXFrameworksBuildPhase;
			buildActionMask = 2147483647;
			files = (
			);
			runOnlyForDeploymentPostprocessing = 0;
		};
/* End PBXFrameworksBuildPhase section */

/* Begin PBXGroup section */
		078F6A0C1D86E224000D1595 = {
			isa = PBXGroup;
			children = (
				078F6A171D86E224000D1595 /* pokedexT */,
				078F6A161D86E224000D1595 /* Products */,
			);
			sourceTree = "<group>";
		};
		078F6A161D86E224000D1595 /* Products */ = {
			isa = PBXGroup;
			children = (
				078F6A151D86E224000D1595 /* pokedexT.app */,
			);
			name = Products;
			sourceTree = "<group>";
		};
		078F6A171D86E224000D1595 /* pokedexT */ = {
			isa = PBXGroup;
			children = (
				078F6A181D86E225000D1595 /* AppDelegate.swift */,
				078F6A1A1D86E225000D1595 /* ViewController.swift */,
				078F6A1C1D86E225000D1595 /* Main.storyboard */,
				078F6A1F1D86E225000D1595 /* Assets.xcassets */,
				078F6A2A1D86E6EB000D1595 /* pokemon.csv */,
				078F6A211D86E225000D1595 /* LaunchScreen.storyboard */,
				078F6A241D86E225000D1595 /* Info.plist */,
			);
			path = pokedexT;
			sourceTree = "<group>";
		};
/* End PBXGroup section */

/* Begin PBXNativeTarget section */
		078F6A141D86E224000D1595 /* pokedexT */ = {
			isa = PBXNativeTarget;
			buildConfigurationList = 078F6A271D86E225000D1595 /* Build configuration list for PBXNativeTarget "pokedexT" */;
			buildPhases = (
				078F6A111D86E224000D1595 /* Sources */,
				078F6A121D86E224000D1595 /* Frameworks */,
				078F6A131D86E224000D1595 /* Resources */,
			);
			buildRules = (
			);
			dependencies = (
			);
			name = pokedexT;
			productName = pokedexT;
			productReference = 078F6A151D86E224000D1595 /* pokedexT.app */;
			productType = "com.apple.product-type.application";
		};
/* End PBXNativeTarget section */

/* Begin PBXProject section */
		078F6A0D1D86E224000D1595 /* Project object */ = {
			isa = PBXProject;
			attributes = {
				LastSwiftUpdateCheck = 0800;
				LastUpgradeCheck = 0800;
				ORGANIZATIONNAME = "Uroš Đurđević";
				TargetAttributes = {
					078F6A141D86E224000D1595 = {
						CreatedOnToolsVersion = 8.0;
						ProvisioningStyle = Automatic;
					};
				};
			};
			buildConfigurationList = 078F6A101D86E224000D1595 /* Build configuration list for PBXProject "pokedexT" */;
			compatibilityVersion = "Xcode 3.2";
			developmentRegion = English;
			hasScannedForEncodings = 0;
			knownRegions = (
				en,
				Base,
			);
			mainGroup = 078F6A0C1D86E224000D1595;
			productRefGroup = 078F6A161D86E224000D1595 /* Products */;
			projectDirPath = "";
			projectRoot = "";
			targets = (
				078F6A141D86E224000D1595 /* pokedexT */,
			);
		};
/* End PBXProject section */

/* Begin PBXResourcesBuildPhase section */
		078F6A131D86E224000D1595 /* Resources */ = {
			isa = PBXResourcesBuildPhase;
			buildActionMask = 2147483647;
			files = (
				078F6A231D86E225000D1595 /* LaunchScreen.storyboard in Resources */,
				078F6A201D86E225000D1595 /* Assets.xcassets in Resources */,
				078F6A2B1D86E6EB000D1595 /* pokemon.csv in Resources */,
				078F6A1E1D86E225000D1595 /* Main.storyboard in Resources */,
			);
			runOnlyForDeploymentPostprocessing = 0;
		};
/* End PBXResourcesBuildPhase section */

/* Begin PBXSourcesBuildPhase section */
		078F6A111D86E224000D1595 /* Sources */ = {
			isa = PBXSourcesBuildPhase;
			buildActionMask = 2147483647;
			files = (
				078F6A1B1D86E225000D1595 /* ViewController.swift in Sources */,
				078F6A191D86E225000D1595 /* AppDelegate.swift in Sources */,
			);
			runOnlyForDeploymentPostprocessing = 0;
		};
/* End PBXSourcesBuildPhase section */

/* Begin PBXVariantGroup section */
		078F6A1C1D86E225000D1595 /* Main.storyboard */ = {
			isa = PBXVariantGroup;
			children = (
				078F6A1D1D86E225000D1595 /* Base */,
			);
			name = Main.storyboard;
			sourceTree = "<group>";
		};
		078F6A211D86E225000D1595 /* LaunchScreen.storyboard */ = {
			isa = PBXVariantGroup;
			children = (
				078F6A221D86E225000D1595 /* Base */,
			);
			name = LaunchScreen.storyboard;
			sourceTree = "<group>";
		};
/* End PBXVariantGroup section */

/* Begin XCBuildConfiguration section */
		078F6A251D86E225000D1595 /* Debug */ = {
			isa = XCBuildConfiguration;
			buildSettings = {
				ALWAYS_SEARCH_USER_PATHS = NO;
				CLANG_ANALYZER_NONNULL = YES;
				CLANG_CXX_LANGUAGE_STANDARD = "gnu++0x";
				CLANG_CXX_LIBRARY = "libc++";
				CLANG_ENABLE_MODULES = YES;
				CLANG_ENABLE_OBJC_ARC = YES;
				CLANG_WARN_BOOL_CONVERSION = YES;
				CLANG_WARN_CONSTANT_CONVERSION = YES;
				CLANG_WARN_DIRECT_OBJC_ISA_USAGE = YES_ERROR;
				CLANG_WARN_DOCUMENTATION_COMMENTS = YES;
				CLANG_WARN_EMPTY_BODY = YES;
				CLANG_WARN_ENUM_CONVERSION = YES;
				CLANG_WARN_INFINITE_RECURSION = YES;
				CLANG_WARN_INT_CONVERSION = YES;
				CLANG_WARN_OBJC_ROOT_CLASS = YES_ERROR;
				CLANG_WARN_SUSPICIOUS_MOVES = YES;
				CLANG_WARN_UNREACHABLE_CODE = YES;
				CLANG_WARN__DUPLICATE_METHOD_MATCH = YES;
				"CODE_SIGN_IDENTITY[sdk=iphoneos*]" = "iPhone Developer";
				COPY_PHASE_STRIP = NO;
				DEBUG_INFORMATION_FORMAT = dwarf;
				ENABLE_STRICT_OBJC_MSGSEND = YES;
				ENABLE_TESTABILITY = YES;
				GCC_C_LANGUAGE_STANDARD = gnu99;
				GCC_DYNAMIC_NO_PIC = NO;
				GCC_NO_COMMON_BLOCKS = YES;
				GCC_OPTIMIZATION_LEVEL = 0;
				GCC_PREPROCESSOR_DEFINITIONS = (
					"DEBUG=1",
					"$(inherited)",
				);
				GCC_WARN_64_TO_32_BIT_CONVERSION = YES;
				GCC_WARN_ABOUT_RETURN_TYPE = YES_ERROR;
				GCC_WARN_UNDECLARED_SELECTOR = YES;
				GCC_WARN_UNINITIALIZED_AUTOS = YES_AGGRESSIVE;
				GCC_WARN_UNUSED_FUNCTION = YES;
				GCC_WARN_UNUSED_VARIABLE = YES;
				IPHONEOS_DEPLOYMENT_TARGET = 10.0;
				MTL_ENABLE_DEBUG_INFO = YES;
				ONLY_ACTIVE_ARCH = YES;
				SDKROOT = iphoneos;
				SWIFT_ACTIVE_COMPILATION_CONDITIONS = DEBUG;
				SWIFT_OPTIMIZATION_LEVEL = "-Onone";
				TARGETED_DEVICE_FAMILY = "1,2";
			};
			name = Debug;
		};
		078F6A261D86E225000D1595 /* Release */ = {
			isa = XCBuildConfiguration;
			buildSettings = {
				ALWAYS_SEARCH_USER_PATHS = NO;
				CLANG_ANALYZER_NONNULL = YES;
				CLANG_CXX_LANGUAGE_STANDARD = "gnu++0x";
				CLANG_CXX_LIBRARY = "libc++";
				CLANG_ENABLE_MODULES = YES;
				CLANG_ENABLE_OBJC_ARC = YES;
				CLANG_WARN_BOOL_CONVERSION = YES;
				CLANG_WARN_CONSTANT_CONVERSION = YES;
				CLANG_WARN_DIRECT_OBJC_ISA_USAGE = YES_ERROR;
				CLANG_WARN_DOCUMENTATION_COMMENTS = YES;
				CLANG_WARN_EMPTY_BODY = YES;
				CLANG_WARN_ENUM_CONVERSION = YES;
				CLANG_WARN_INFINITE_RECURSION = YES;
				CLANG_WARN_INT_CONVERSION = YES;
				CLANG_WARN_OBJC_ROOT_CLASS = YES_ERROR;
				CLANG_WARN_SUSPICIOUS_MOVES = YES;
				CLANG_WARN_UNREACHABLE_CODE = YES;
				CLANG_WARN__DUPLICATE_METHOD_MATCH = YES;
				"CODE_SIGN_IDENTITY[sdk=iphoneos*]" = "iPhone Developer";
				COPY_PHASE_STRIP = NO;
				DEBUG_INFORMATION_FORMAT = "dwarf-with-dsym";
				ENABLE_NS_ASSERTIONS = NO;
				ENABLE_STRICT_OBJC_MSGSEND = YES;
				GCC_C_LANGUAGE_STANDARD = gnu99;
				GCC_NO_COMMON_BLOCKS = YES;
				GCC_WARN_64_TO_32_BIT_CONVERSION = YES;
				GCC_WARN_ABOUT_RETURN_TYPE = YES_ERROR;
				GCC_WARN_UNDECLARED_SELECTOR = YES;
				GCC_WARN_UNINITIALIZED_AUTOS = YES_AGGRESSIVE;
				GCC_WARN_UNUSED_FUNCTION = YES;
				GCC_WARN_UNUSED_VARIABLE = YES;
				IPHONEOS_DEPLOYMENT_TARGET = 10.0;
				MTL_ENABLE_DEBUG_INFO = NO;
				SDKROOT = iphoneos;
				SWIFT_OPTIMIZATION_LEVEL = "-Owholemodule";
				TARGETED_DEVICE_FAMILY = "1,2";
				VALIDATE_PRODUCT = YES;
			};
			name = Release;
		};
		078F6A281D86E225000D1595 /* Debug */ = {
			isa = XCBuildConfiguration;
			buildSettings = {
				ASSETCATALOG_COMPILER_APPICON_NAME = AppIcon;
				INFOPLIST_FILE = pokedexT/Info.plist;
				LD_RUNPATH_SEARCH_PATHS = "$(inherited) @executable_path/Frameworks";
				PRODUCT_BUNDLE_IDENTIFIER = com.sabidu.pokedexT;
				PRODUCT_NAME = "$(TARGET_NAME)";
				SWIFT_VERSION = 3.0;
			};
			name = Debug;
		};
		078F6A291D86E225000D1595 /* Release */ = {
			isa = XCBuildConfiguration;
			buildSettings = {
				ASSETCATALOG_COMPILER_APPICON_NAME = AppIcon;
				INFOPLIST_FILE = pokedexT/Info.plist;
				LD_RUNPATH_SEARCH_PATHS = "$(inherited) @executable_path/Frameworks";
				PRODUCT_BUNDLE_IDENTIFIER = com.sabidu.pokedexT;
				PRODUCT_NAME = "$(TARGET_NAME)";
				SWIFT_VERSION = 3.0;
			};
			name = Release;
		};
/* End XCBuildConfiguration section */

/* Begin XCConfigurationList section */
		078F6A101D86E224000D1595 /* Build configuration list for PBXProject "pokedexT" */ = {
			isa = XCConfigurationList;
			buildConfigurations = (
				078F6A251D86E225000D1595 /* Debug */,
				078F6A261D86E225000D1595 /* Release */,
			);
			defaultConfigurationIsVisible = 0;
			defaultConfigurationName = Release;
		};
		078F6A271D86E225000D1595 /* Build configuration list for PBXNativeTarget "pokedexT" */ = {
			isa = XCConfigurationList;
			buildConfigurations = (
				078F6A281D86E225000D1595 /* Debug */,
				078F6A291D86E225000D1595 /* Release */,
			);
			defaultConfigurationIsVisible = 0;
		};
/* End XCConfigurationList section */
	};
	rootObject = 078F6A0D1D86E224000D1595 /* Project object */;
}
